// !$*UTF8*$!
{
	archiveVersion = 1;
	classes = {
	};
	objectVersion = 46;
	objects = {

/* Begin PBXBuildFile section */
		895706191AB67D89004C4E95 /* main.m in Sources */ = {isa = PBXBuildFile; fileRef = 895706181AB67D89004C4E95 /* main.m */; };
		895706211AB67DC2004C4E95 /* BNRPerson.m in Sources */ = {isa = PBXBuildFile; fileRef = 895706201AB67DC2004C4E95 /* BNRPerson.m */; };
		8957063A1AB6975A004C4E95 /* BNREmployee.m in Sources */ = {isa = PBXBuildFile; fileRef = 895706391AB6975A004C4E95 /* BNREmployee.m */; };
		896F5E591ABD54000011F8B6 /* BNRAsset.m in Sources */ = {isa = PBXBuildFile; fileRef = 896F5E581ABD54000011F8B6 /* BNRAsset.m */; };
/* End PBXBuildFile section */

/* Begin PBXCopyFilesBuildPhase section */
		895706131AB67D89004C4E95 /* CopyFiles */ = {
			isa = PBXCopyFilesBuildPhase;
			buildActionMask = 2147483647;
			dstPath = /usr/share/man/man1/;
			dstSubfolderSpec = 0;
			files = (
			);
			runOnlyForDeploymentPostprocessing = 1;
		};
/* End PBXCopyFilesBuildPhase section */

/* Begin PBXFileReference section */
		895706151AB67D89004C4E95 /* Ch18BNRPerson */ = {isa = PBXFileReference; explicitFileType = "compiled.mach-o.executable"; includeInIndex = 0; path = Ch18BNRPerson; sourceTree = BUILT_PRODUCTS_DIR; };
		895706181AB67D89004C4E95 /* main.m */ = {isa = PBXFileReference; lastKnownFileType = sourcecode.c.objc; path = main.m; sourceTree = "<group>"; };
		8957061F1AB67DC2004C4E95 /* BNRPerson.h */ = {isa = PBXFileReference; fileEncoding = 4; lastKnownFileType = sourcecode.c.h; path = BNRPerson.h; sourceTree = "<group>"; };
		895706201AB67DC2004C4E95 /* BNRPerson.m */ = {isa = PBXFileReference; fileEncoding = 4; lastKnownFileType = sourcecode.c.objc; path = BNRPerson.m; sourceTree = "<group>"; };
		895706381AB6975A004C4E95 /* BNREmployee.h */ = {isa = PBXFileReference; fileEncoding = 4; lastKnownFileType = sourcecode.c.h; path = BNREmployee.h; sourceTree = "<group>"; };
		895706391AB6975A004C4E95 /* BNREmployee.m */ = {isa = PBXFileReference; fileEncoding = 4; lastKnownFileType = sourcecode.c.objc; path = BNREmployee.m; sourceTree = "<group>"; };
		896F5E571ABD54000011F8B6 /* BNRAsset.h */ = {isa = PBXFileReference; fileEncoding = 4; lastKnownFileType = sourcecode.c.h; path = BNRAsset.h; sourceTree = "<group>"; };
		896F5E581ABD54000011F8B6 /* BNRAsset.m */ = {isa = PBXFileReference; fileEncoding = 4; lastKnownFileType = sourcecode.c.objc; path = BNRAsset.m; sourceTree = "<group>"; };
/* End PBXFileReference section */

/* Begin PBXFrameworksBuildPhase section */
		895706121AB67D89004C4E95 /* Frameworks */ = {
			isa = PBXFrameworksBuildPhase;
			buildActionMask = 2147483647;
			files = (
			);
			runOnlyForDeploymentPostprocessing = 0;
		};
/* End PBXFrameworksBuildPhase section */

/* Begin PBXGroup section */
		8957060C1AB67D89004C4E95 = {
			isa = PBXGroup;
			children = (
				895706171AB67D89004C4E95 /* Ch18BNRPerson */,
				895706161AB67D89004C4E95 /* Products */,
			);
			sourceTree = "<group>";
		};
		895706161AB67D89004C4E95 /* Products */ = {
			isa = PBXGroup;
			children = (
				895706151AB67D89004C4E95 /* Ch18BNRPerson */,
			);
			name = Products;
			sourceTree = "<group>";
		};
		895706171AB67D89004C4E95 /* Ch18BNRPerson */ = {
			isa = PBXGroup;
			children = (
				895706181AB67D89004C4E95 /* main.m */,
				8957061F1AB67DC2004C4E95 /* BNRPerson.h */,
				895706201AB67DC2004C4E95 /* BNRPerson.m */,
				895706381AB6975A004C4E95 /* BNREmployee.h */,
				895706391AB6975A004C4E95 /* BNREmployee.m */,
				896F5E571ABD54000011F8B6 /* BNRAsset.h */,
				896F5E581ABD54000011F8B6 /* BNRAsset.m */,
			);
			path = Ch18BNRPerson;
			sourceTree = "<group>";
		};
/* End PBXGroup section */

/* Begin PBXNativeTarget section */
		895706141AB67D89004C4E95 /* Ch18BNRPerson */ = {
			isa = PBXNativeTarget;
			buildConfigurationList = 8957061C1AB67D89004C4E95 /* Build configuration list for PBXNativeTarget "Ch18BNRPerson" */;
			buildPhases = (
				895706111AB67D89004C4E95 /* Sources */,
				895706121AB67D89004C4E95 /* Frameworks */,
				895706131AB67D89004C4E95 /* CopyFiles */,
			);
			buildRules = (
			);
			dependencies = (
			);
			name = Ch18BNRPerson;
			productName = Ch18BNRPerson;
			productReference = 895706151AB67D89004C4E95 /* Ch18BNRPerson */;
			productType = "com.apple.product-type.tool";
		};
/* End PBXNativeTarget section */

/* Begin PBXProject section */
		8957060D1AB67D89004C4E95 /* Project object */ = {
			isa = PBXProject;
			attributes = {
				LastUpgradeCheck = 0620;
				ORGANIZATIONNAME = "Xiao Lu";
				TargetAttributes = {
					895706141AB67D89004C4E95 = {
						CreatedOnToolsVersion = 6.2;
					};
				};
			};
			buildConfigurationList = 895706101AB67D89004C4E95 /* Build configuration list for PBXProject "Ch18BNRPerson" */;
			compatibilityVersion = "Xcode 3.2";
			developmentRegion = English;
			hasScannedForEncodings = 0;
			knownRegions = (
				en,
			);
			mainGroup = 8957060C1AB67D89004C4E95;
			productRefGroup = 895706161AB67D89004C4E95 /* Products */;
			projectDirPath = "";
			projectRoot = "";
			targets = (
				895706141AB67D89004C4E95 /* Ch18BNRPerson */,
			);
		};
/* End PBXProject section */

/* Begin PBXSourcesBuildPhase section */
		895706111AB67D89004C4E95 /* Sources */ = {
			isa = PBXSourcesBuildPhase;
			buildActionMask = 2147483647;
			files = (
				8957063A1AB6975A004C4E95 /* BNREmployee.m in Sources */,
				895706191AB67D89004C4E95 /* main.m in Sources */,
				895706211AB67DC2004C4E95 /* BNRPerson.m in Sources */,
				896F5E591ABD54000011F8B6 /* BNRAsset.m in Sources */,
			);
			runOnlyForDeploymentPostprocessing = 0;
		};
/* End PBXSourcesBuildPhase section */

/* Begin XCBuildConfiguration section */
		8957061A1AB67D89004C4E95 /* Debug */ = {
			isa = XCBuildConfiguration;
			buildSettings = {
				ALWAYS_SEARCH_USER_PATHS = NO;
				CLANG_CXX_LANGUAGE_STANDARD = "gnu++0x";
				CLANG_CXX_LIBRARY = "libc++";
				CLANG_ENABLE_MODULES = YES;
				CLANG_ENABLE_OBJC_ARC = YES;
				CLANG_WARN_BOOL_CONVERSION = YES;
				CLANG_WARN_CONSTANT_CONVERSION = YES;
				CLANG_WARN_DIRECT_OBJC_ISA_USAGE = YES_ERROR;
				CLANG_WARN_EMPTY_BODY = YES;
				CLANG_WARN_ENUM_CONVERSION = YES;
				CLANG_WARN_INT_CONVERSION = YES;
				CLANG_WARN_OBJC_ROOT_CLASS = YES_ERROR;
				CLANG_WARN_UNREACHABLE_CODE = YES;
				CLANG_WARN__DUPLICATE_METHOD_MATCH = YES;
				COPY_PHASE_STRIP = NO;
				ENABLE_STRICT_OBJC_MSGSEND = YES;
				GCC_C_LANGUAGE_STANDARD = gnu99;
				GCC_DYNAMIC_NO_PIC = NO;
				GCC_OPTIMIZATION_LEVEL = 0;
				GCC_PREPROCESSOR_DEFINITIONS = (
					"DEBUG=1",
					"$(inherited)",
				);
				GCC_SYMBOLS_PRIVATE_EXTERN = NO;
				GCC_WARN_64_TO_32_BIT_CONVERSION = YES;
				GCC_WARN_ABOUT_RETURN_TYPE = YES_ERROR;
				GCC_WARN_UNDECLARED_SELECTOR = YES;
				GCC_WARN_UNINITIALIZED_AUTOS = YES_AGGRESSIVE;
				GCC_WARN_UNUSED_FUNCTION = YES;
				GCC_WARN_UNUSED_VARIABLE = YES;
				MACOSX_DEPLOYMENT_TARGET = 10.10;
				MTL_ENABLE_DEBUG_INFO = YES;
				ONLY_ACTIVE_ARCH = YES;
				SDKROOT = macosx;
			};
			name = Debug;
		};
		8957061B1AB67D89004C4E95 /* Release */ = {
			isa = XCBuildConfiguration;
			buildSettings = {
				ALWAYS_SEARCH_USER_PATHS = NO;
				CLANG_CXX_LANGUAGE_STANDARD = "gnu++0x";
				CLANG_CXX_LIBRARY = "libc++";
				CLANG_ENABLE_MODULES = YES;
				CLANG_ENABLE_OBJC_ARC = YES;
				CLANG_WARN_BOOL_CONVERSION = YES;
				CLANG_WARN_CONSTANT_CONVERSION = YES;
				CLANG_WARN_DIRECT_OBJC_ISA_USAGE = YES_ERROR;
				CLANG_WARN_EMPTY_BODY = YES;
				CLANG_WARN_ENUM_CONVERSION = YES;
				CLANG_WARN_INT_CONVERSION = YES;
				CLANG_WARN_OBJC_ROOT_CLASS = YES_ERROR;
				CLANG_WARN_UNREACHABLE_CODE = YES;
				CLANG_WARN__DUPLICATE_METHOD_MATCH = YES;
				COPY_PHASE_STRIP = NO;
				DEBUG_INFORMATION_FORMAT = "dwarf-with-dsym";
				ENABLE_NS_ASSERTIONS = NO;
				ENABLE_STRICT_OBJC_MSGSEND = YES;
				GCC_C_LANGUAGE_STANDARD = gnu99;
				GCC_WARN_64_TO_32_BIT_CONVERSION = YES;
				GCC_WARN_ABOUT_RETURN_TYPE = YES_ERROR;
				GCC_WARN_UNDECLARED_SELECTOR = YES;
				GCC_WARN_UNINITIALIZED_AUTOS = YES_AGGRESSIVE;
				GCC_WARN_UNUSED_FUNCTION = YES;
				GCC_WARN_UNUSED_VARIABLE = YES;
				MACOSX_DEPLOYMENT_TARGET = 10.10;
				MTL_ENABLE_DEBUG_INFO = NO;
				SDKROOT = macosx;
			};
			name = Release;
		};
		8957061D1AB67D89004C4E95 /* Debug */ = {
			isa = XCBuildConfiguration;
			buildSettings = {
				PRODUCT_NAME = "$(TARGET_NAME)";
			};
			name = Debug;
		};
		8957061E1AB67D89004C4E95 /* Release */ = {
			isa = XCBuildConfiguration;
			buildSettings = {
				PRODUCT_NAME = "$(TARGET_NAME)";
			};
			name = Release;
		};
/* End XCBuildConfiguration section */

/* Begin XCConfigurationList section */
		895706101AB67D89004C4E95 /* Build configuration list for PBXProject "Ch18BNRPerson" */ = {
			isa = XCConfigurationList;
			buildConfigurations = (
				8957061A1AB67D89004C4E95 /* Debug */,
				8957061B1AB67D89004C4E95 /* Release */,
			);
			defaultConfigurationIsVisible = 0;
			defaultConfigurationName = Release;
		};
		8957061C1AB67D89004C4E95 /* Build configuration list for PBXNativeTarget "Ch18BNRPerson" */ = {
			isa = XCConfigurationList;
			buildConfigurations = (
				8957061D1AB67D89004C4E95 /* Debug */,
				8957061E1AB67D89004C4E95 /* Release */,
			);
			defaultConfigurationIsVisible = 0;
			defaultConfigurationName = Release;
		};
/* End XCConfigurationList section */
	};
	rootObject = 8957060D1AB67D89004C4E95 /* Project object */;
}
